// !$*UTF8*$!
{
	archiveVersion = 1;
	classes = {
	};
	objectVersion = 46;
	objects = {

/* Begin PBXBuildFile section */
		186F722F1CA3DEDE003E9485 /* main.m in Sources */ = {isa = PBXBuildFile; fileRef = 186F722E1CA3DEDE003E9485 /* main.m */; };
		186F72321CA3DEDE003E9485 /* AppDelegate.m in Sources */ = {isa = PBXBuildFile; fileRef = 186F72311CA3DEDE003E9485 /* AppDelegate.m */; };
		186F72351CA3DEDE003E9485 /* ViewController.m in Sources */ = {isa = PBXBuildFile; fileRef = 186F72341CA3DEDE003E9485 /* ViewController.m */; };
		186F72381CA3DEDE003E9485 /* Main.storyboard in Resources */ = {isa = PBXBuildFile; fileRef = 186F72361CA3DEDE003E9485 /* Main.storyboard */; };
		186F723A1CA3DEDE003E9485 /* Assets.xcassets in Resources */ = {isa = PBXBuildFile; fileRef = 186F72391CA3DEDE003E9485 /* Assets.xcassets */; };
		186F723D1CA3DEDE003E9485 /* LaunchScreen.storyboard in Resources */ = {isa = PBXBuildFile; fileRef = 186F723B1CA3DEDE003E9485 /* LaunchScreen.storyboard */; };
		186F72481CA3E382003E9485 /* QQText.m in Sources */ = {isa = PBXBuildFile; fileRef = 186F72471CA3E382003E9485 /* QQText.m */; };
		18A73DE41CA4F53100166218 /* QQAttachText.m in Sources */ = {isa = PBXBuildFile; fileRef = 18A73DE31CA4F53100166218 /* QQAttachText.m */; };
		F1ECAED1758B6087D20CA69F /* libPods.a in Frameworks */ = {isa = PBXBuildFile; fileRef = 38634AE78FD498A183BBD418 /* libPods.a */; };
/* End PBXBuildFile section */

/* Begin PBXFileReference section */
		186F722A1CA3DEDE003E9485 /* QQText.app */ = {isa = PBXFileReference; explicitFileType = wrapper.application; includeInIndex = 0; path = QQText.app; sourceTree = BUILT_PRODUCTS_DIR; };
		186F722E1CA3DEDE003E9485 /* main.m */ = {isa = PBXFileReference; lastKnownFileType = sourcecode.c.objc; path = main.m; sourceTree = "<group>"; };
		186F72301CA3DEDE003E9485 /* AppDelegate.h */ = {isa = PBXFileReference; lastKnownFileType = sourcecode.c.h; path = AppDelegate.h; sourceTree = "<group>"; };
		186F72311CA3DEDE003E9485 /* AppDelegate.m */ = {isa = PBXFileReference; lastKnownFileType = sourcecode.c.objc; path = AppDelegate.m; sourceTree = "<group>"; };
		186F72331CA3DEDE003E9485 /* ViewController.h */ = {isa = PBXFileReference; lastKnownFileType = sourcecode.c.h; path = ViewController.h; sourceTree = "<group>"; };
		186F72341CA3DEDE003E9485 /* ViewController.m */ = {isa = PBXFileReference; lastKnownFileType = sourcecode.c.objc; path = ViewController.m; sourceTree = "<group>"; };
		186F72371CA3DEDE003E9485 /* Base */ = {isa = PBXFileReference; lastKnownFileType = file.storyboard; name = Base; path = Base.lproj/Main.storyboard; sourceTree = "<group>"; };
		186F72391CA3DEDE003E9485 /* Assets.xcassets */ = {isa = PBXFileReference; lastKnownFileType = folder.assetcatalog; path = Assets.xcassets; sourceTree = "<group>"; };
		186F723C1CA3DEDE003E9485 /* Base */ = {isa = PBXFileReference; lastKnownFileType = file.storyboard; name = Base; path = Base.lproj/LaunchScreen.storyboard; sourceTree = "<group>"; };
		186F723E1CA3DEDE003E9485 /* Info.plist */ = {isa = PBXFileReference; lastKnownFileType = text.plist.xml; path = Info.plist; sourceTree = "<group>"; };
		186F72461CA3E382003E9485 /* QQText.h */ = {isa = PBXFileReference; fileEncoding = 4; lastKnownFileType = sourcecode.c.h; name = QQText.h; path = QQText/QQText.h; sourceTree = "<group>"; };
		186F72471CA3E382003E9485 /* QQText.m */ = {isa = PBXFileReference; fileEncoding = 4; lastKnownFileType = sourcecode.c.objc; name = QQText.m; path = QQText/QQText.m; sourceTree = "<group>"; };
		18A73DE21CA4F53100166218 /* QQAttachText.h */ = {isa = PBXFileReference; fileEncoding = 4; lastKnownFileType = sourcecode.c.h; name = QQAttachText.h; path = QQText/QQAttachText.h; sourceTree = "<group>"; };
		18A73DE31CA4F53100166218 /* QQAttachText.m */ = {isa = PBXFileReference; fileEncoding = 4; lastKnownFileType = sourcecode.c.objc; name = QQAttachText.m; path = QQText/QQAttachText.m; sourceTree = "<group>"; };
		38634AE78FD498A183BBD418 /* libPods.a */ = {isa = PBXFileReference; explicitFileType = archive.ar; includeInIndex = 0; path = libPods.a; sourceTree = BUILT_PRODUCTS_DIR; };
		8CBF6D4D541CB5CA48C2A116 /* Pods.debug.xcconfig */ = {isa = PBXFileReference; includeInIndex = 1; lastKnownFileType = text.xcconfig; name = Pods.debug.xcconfig; path = "Pods/Target Support Files/Pods/Pods.debug.xcconfig"; sourceTree = "<group>"; };
		F7246B4EB1AEF2E34F345534 /* Pods.release.xcconfig */ = {isa = PBXFileReference; includeInIndex = 1; lastKnownFileType = text.xcconfig; name = Pods.release.xcconfig; path = "Pods/Target Support Files/Pods/Pods.release.xcconfig"; sourceTree = "<group>"; };
/* End PBXFileReference section */

/* Begin PBXFrameworksBuildPhase section */
		186F72271CA3DEDE003E9485 /* Frameworks */ = {
			isa = PBXFrameworksBuildPhase;
			buildActionMask = 2147483647;
			files = (
				F1ECAED1758B6087D20CA69F /* libPods.a in Frameworks */,
			);
			runOnlyForDeploymentPostprocessing = 0;
		};
/* End PBXFrameworksBuildPhase section */

/* Begin PBXGroup section */
		186F72211CA3DEDE003E9485 = {
			isa = PBXGroup;
			children = (
				186F722C1CA3DEDE003E9485 /* QQText */,
				186F722B1CA3DEDE003E9485 /* Products */,
				407D007623DDAC51F21AB79C /* Pods */,
				39986E2B9F4334E65CF20917 /* Frameworks */,
			);
			sourceTree = "<group>";
		};
		186F722B1CA3DEDE003E9485 /* Products */ = {
			isa = PBXGroup;
			children = (
				186F722A1CA3DEDE003E9485 /* QQText.app */,
			);
			name = Products;
			sourceTree = "<group>";
		};
		186F722C1CA3DEDE003E9485 /* QQText */ = {
			isa = PBXGroup;
			children = (
				186F72451CA3E357003E9485 /* QQText */,
				186F72301CA3DEDE003E9485 /* AppDelegate.h */,
				186F72311CA3DEDE003E9485 /* AppDelegate.m */,
				186F72331CA3DEDE003E9485 /* ViewController.h */,
				186F72341CA3DEDE003E9485 /* ViewController.m */,
				186F72361CA3DEDE003E9485 /* Main.storyboard */,
				186F72391CA3DEDE003E9485 /* Assets.xcassets */,
				186F723B1CA3DEDE003E9485 /* LaunchScreen.storyboard */,
				186F723E1CA3DEDE003E9485 /* Info.plist */,
				186F722D1CA3DEDE003E9485 /* Supporting Files */,
			);
			path = QQText;
			sourceTree = "<group>";
		};
		186F722D1CA3DEDE003E9485 /* Supporting Files */ = {
			isa = PBXGroup;
			children = (
				186F722E1CA3DEDE003E9485 /* main.m */,
			);
			name = "Supporting Files";
			sourceTree = "<group>";
		};
		186F72451CA3E357003E9485 /* QQText */ = {
			isa = PBXGroup;
			children = (
				186F72461CA3E382003E9485 /* QQText.h */,
				186F72471CA3E382003E9485 /* QQText.m */,
				18A73DE21CA4F53100166218 /* QQAttachText.h */,
				18A73DE31CA4F53100166218 /* QQAttachText.m */,
			);
			name = QQText;
			sourceTree = "<group>";
		};
		39986E2B9F4334E65CF20917 /* Frameworks */ = {
			isa = PBXGroup;
			children = (
				38634AE78FD498A183BBD418 /* libPods.a */,
			);
			name = Frameworks;
			sourceTree = "<group>";
		};
		407D007623DDAC51F21AB79C /* Pods */ = {
			isa = PBXGroup;
			children = (
				8CBF6D4D541CB5CA48C2A116 /* Pods.debug.xcconfig */,
				F7246B4EB1AEF2E34F345534 /* Pods.release.xcconfig */,
			);
			name = Pods;
			sourceTree = "<group>";
		};
/* End PBXGroup section */

/* Begin PBXNativeTarget section */
		186F72291CA3DEDE003E9485 /* QQText */ = {
			isa = PBXNativeTarget;
			buildConfigurationList = 186F72411CA3DEDE003E9485 /* Build configuration list for PBXNativeTarget "QQText" */;
			buildPhases = (
				D941A20C667CFB62C5A5E2F9 /* Check Pods Manifest.lock */,
				186F72261CA3DEDE003E9485 /* Sources */,
				186F72271CA3DEDE003E9485 /* Frameworks */,
				186F72281CA3DEDE003E9485 /* Resources */,
				3E10A04A64E0DEB890F1C3D8 /* Embed Pods Frameworks */,
				314713CCB9854A378BDD6C3B /* Copy Pods Resources */,
			);
			buildRules = (
			);
			dependencies = (
			);
			name = QQText;
			productName = QQText;
			productReference = 186F722A1CA3DEDE003E9485 /* QQText.app */;
			productType = "com.apple.product-type.application";
		};
/* End PBXNativeTarget section */

/* Begin PBXProject section */
		186F72221CA3DEDE003E9485 /* Project object */ = {
			isa = PBXProject;
			attributes = {
				LastUpgradeCheck = 0720;
				ORGANIZATIONNAME = y;
				TargetAttributes = {
					186F72291CA3DEDE003E9485 = {
						CreatedOnToolsVersion = 7.2.1;
					};
				};
			};
			buildConfigurationList = 186F72251CA3DEDE003E9485 /* Build configuration list for PBXProject "QQText" */;
			compatibilityVersion = "Xcode 3.2";
			developmentRegion = English;
			hasScannedForEncodings = 0;
			knownRegions = (
				en,
				Base,
			);
			mainGroup = 186F72211CA3DEDE003E9485;
			productRefGroup = 186F722B1CA3DEDE003E9485 /* Products */;
			projectDirPath = "";
			projectRoot = "";
			targets = (
				186F72291CA3DEDE003E9485 /* QQText */,
			);
		};
/* End PBXProject section */

/* Begin PBXResourcesBuildPhase section */
		186F72281CA3DEDE003E9485 /* Resources */ = {
			isa = PBXResourcesBuildPhase;
			buildActionMask = 2147483647;
			files = (
				186F723D1CA3DEDE003E9485 /* LaunchScreen.storyboard in Resources */,
				186F723A1CA3DEDE003E9485 /* Assets.xcassets in Resources */,
				186F72381CA3DEDE003E9485 /* Main.storyboard in Resources */,
			);
			runOnlyForDeploymentPostprocessing = 0;
		};
/* End PBXResourcesBuildPhase section */

/* Begin PBXShellScriptBuildPhase section */
		314713CCB9854A378BDD6C3B /* Copy Pods Resources */ = {
			isa = PBXShellScriptBuildPhase;
			buildActionMask = 2147483647;
			files = (
			);
			inputPaths = (
			);
			name = "Copy Pods Resources";
			outputPaths = (
			);
			runOnlyForDeploymentPostprocessing = 0;
			shellPath = /bin/sh;
			shellScript = "\"${SRCROOT}/Pods/Target Support Files/Pods/Pods-resources.sh\"\n";
			showEnvVarsInLog = 0;
		};
		3E10A04A64E0DEB890F1C3D8 /* Embed Pods Frameworks */ = {
			isa = PBXShellScriptBuildPhase;
			buildActionMask = 2147483647;
			files = (
			);
			inputPaths = (
			);
			name = "Embed Pods Frameworks";
			outputPaths = (
			);
			runOnlyForDeploymentPostprocessing = 0;
			shellPath = /bin/sh;
			shellScript = "\"${SRCROOT}/Pods/Target Support Files/Pods/Pods-frameworks.sh\"\n";
			showEnvVarsInLog = 0;
		};
		D941A20C667CFB62C5A5E2F9 /* Check Pods Manifest.lock */ = {
			isa = PBXShellScriptBuildPhase;
			buildActionMask = 2147483647;
			files = (
			);
			inputPaths = (
			);
			name = "Check Pods Manifest.lock";
			outputPaths = (
			);
			runOnlyForDeploymentPostprocessing = 0;
			shellPath = /bin/sh;
			shellScript = "diff \"${PODS_ROOT}/../Podfile.lock\" \"${PODS_ROOT}/Manifest.lock\" > /dev/null\nif [[ $? != 0 ]] ; then\n    cat << EOM\nerror: The sandbox is not in sync with the Podfile.lock. Run 'pod install' or update your CocoaPods installation.\nEOM\n    exit 1\nfi\n";
			showEnvVarsInLog = 0;
		};
/* End PBXShellScriptBuildPhase section */

/* Begin PBXSourcesBuildPhase section */
		186F72261CA3DEDE003E9485 /* Sources */ = {
			isa = PBXSourcesBuildPhase;
			buildActionMask = 2147483647;
			files = (
				186F72351CA3DEDE003E9485 /* ViewController.m in Sources */,
				186F72321CA3DEDE003E9485 /* AppDelegate.m in Sources */,
				18A73DE41CA4F53100166218 /* QQAttachText.m in Sources */,
				186F72481CA3E382003E9485 /* QQText.m in Sources */,
				186F722F1CA3DEDE003E9485 /* main.m in Sources */,
			);
			runOnlyForDeploymentPostprocessing = 0;
		};
/* End PBXSourcesBuildPhase section */

/* Begin PBXVariantGroup section */
		186F72361CA3DEDE003E9485 /* Main.storyboard */ = {
			isa = PBXVariantGroup;
			children = (
				186F72371CA3DEDE003E9485 /* Base */,
			);
			name = Main.storyboard;
			sourceTree = "<group>";
		};
		186F723B1CA3DEDE003E9485 /* LaunchScreen.storyboard */ = {
			isa = PBXVariantGroup;
			children = (
				186F723C1CA3DEDE003E9485 /* Base */,
			);
			name = LaunchScreen.storyboard;
			sourceTree = "<group>";
		};
/* End PBXVariantGroup section */

/* Begin XCBuildConfiguration section */
		186F723F1CA3DEDE003E9485 /* Debug */ = {
			isa = XCBuildConfiguration;
			buildSettings = {
				ALWAYS_SEARCH_USER_PATHS = NO;
				CLANG_CXX_LANGUAGE_STANDARD = "gnu++0x";
				CLANG_CXX_LIBRARY = "libc++";
				CLANG_ENABLE_MODULES = YES;
				CLANG_ENABLE_OBJC_ARC = YES;
				CLANG_WARN_BOOL_CONVERSION = YES;
				CLANG_WARN_CONSTANT_CONVERSION = YES;
				CLANG_WARN_DIRECT_OBJC_ISA_USAGE = YES_ERROR;
				CLANG_WARN_EMPTY_BODY = YES;
				CLANG_WARN_ENUM_CONVERSION = YES;
				CLANG_WARN_INT_CONVERSION = YES;
				CLANG_WARN_OBJC_ROOT_CLASS = YES_ERROR;
				CLANG_WARN_UNREACHABLE_CODE = YES;
				CLANG_WARN__DUPLICATE_METHOD_MATCH = YES;
				"CODE_SIGN_IDENTITY[sdk=iphoneos*]" = "iPhone Developer";
				COPY_PHASE_STRIP = NO;
				DEBUG_INFORMATION_FORMAT = dwarf;
				ENABLE_STRICT_OBJC_MSGSEND = YES;
				ENABLE_TESTABILITY = YES;
				GCC_C_LANGUAGE_STANDARD = gnu99;
				GCC_DYNAMIC_NO_PIC = NO;
				GCC_NO_COMMON_BLOCKS = YES;
				GCC_OPTIMIZATION_LEVEL = 0;
				GCC_PREPROCESSOR_DEFINITIONS = (
					"DEBUG=1",
					"$(inherited)",
				);
				GCC_WARN_64_TO_32_BIT_CONVERSION = YES;
				GCC_WARN_ABOUT_RETURN_TYPE = YES_ERROR;
				GCC_WARN_UNDECLARED_SELECTOR = YES;
				GCC_WARN_UNINITIALIZED_AUTOS = YES_AGGRESSIVE;
				GCC_WARN_UNUSED_FUNCTION = YES;
				GCC_WARN_UNUSED_VARIABLE = YES;
				IPHONEOS_DEPLOYMENT_TARGET = 9.2;
				MTL_ENABLE_DEBUG_INFO = YES;
				ONLY_ACTIVE_ARCH = YES;
				SDKROOT = iphoneos;
				TARGETED_DEVICE_FAMILY = "1,2";
			};
			name = Debug;
		};
		186F72401CA3DEDE003E9485 /* Release */ = {
			isa = XCBuildConfiguration;
			buildSettings = {
				ALWAYS_SEARCH_USER_PATHS = NO;
				CLANG_CXX_LANGUAGE_STANDARD = "gnu++0x";
				CLANG_CXX_LIBRARY = "libc++";
				CLANG_ENABLE_MODULES = YES;
				CLANG_ENABLE_OBJC_ARC = YES;
				CLANG_WARN_BOOL_CONVERSION = YES;
				CLANG_WARN_CONSTANT_CONVERSION = YES;
				CLANG_WARN_DIRECT_OBJC_ISA_USAGE = YES_ERROR;
				CLANG_WARN_EMPTY_BODY = YES;
				CLANG_WARN_ENUM_CONVERSION = YES;
				CLANG_WARN_INT_CONVERSION = YES;
				CLANG_WARN_OBJC_ROOT_CLASS = YES_ERROR;
				CLANG_WARN_UNREACHABLE_CODE = YES;
				CLANG_WARN__DUPLICATE_METHOD_MATCH = YES;
				"CODE_SIGN_IDENTITY[sdk=iphoneos*]" = "iPhone Developer";
				COPY_PHASE_STRIP = NO;
				DEBUG_INFORMATION_FORMAT = "dwarf-with-dsym";
				ENABLE_NS_ASSERTIONS = NO;
				ENABLE_STRICT_OBJC_MSGSEND = YES;
				GCC_C_LANGUAGE_STANDARD = gnu99;
				GCC_NO_COMMON_BLOCKS = YES;
				GCC_WARN_64_TO_32_BIT_CONVERSION = YES;
				GCC_WARN_ABOUT_RETURN_TYPE = YES_ERROR;
				GCC_WARN_UNDECLARED_SELECTOR = YES;
				GCC_WARN_UNINITIALIZED_AUTOS = YES_AGGRESSIVE;
				GCC_WARN_UNUSED_FUNCTION = YES;
				GCC_WARN_UNUSED_VARIABLE = YES;
				IPHONEOS_DEPLOYMENT_TARGET = 9.2;
				MTL_ENABLE_DEBUG_INFO = NO;
				SDKROOT = iphoneos;
				TARGETED_DEVICE_FAMILY = "1,2";
				VALIDATE_PRODUCT = YES;
			};
			name = Release;
		};
		186F72421CA3DEDE003E9485 /* Debug */ = {
			isa = XCBuildConfiguration;
			baseConfigurationReference = 8CBF6D4D541CB5CA48C2A116 /* Pods.debug.xcconfig */;
			buildSettings = {
				ASSETCATALOG_COMPILER_APPICON_NAME = AppIcon;
				INFOPLIST_FILE = QQText/Info.plist;
				LD_RUNPATH_SEARCH_PATHS = "$(inherited) @executable_path/Frameworks";
				PRODUCT_BUNDLE_IDENTIFIER = com.younfor.QQText;
				PRODUCT_NAME = "$(TARGET_NAME)";
			};
			name = Debug;
		};
		186F72431CA3DEDE003E9485 /* Release */ = {
			isa = XCBuildConfiguration;
			baseConfigurationReference = F7246B4EB1AEF2E34F345534 /* Pods.release.xcconfig */;
			buildSettings = {
				ASSETCATALOG_COMPILER_APPICON_NAME = AppIcon;
				INFOPLIST_FILE = QQText/Info.plist;
				LD_RUNPATH_SEARCH_PATHS = "$(inherited) @executable_path/Frameworks";
				PRODUCT_BUNDLE_IDENTIFIER = com.younfor.QQText;
				PRODUCT_NAME = "$(TARGET_NAME)";
			};
			name = Release;
		};
/* End XCBuildConfiguration section */

/* Begin XCConfigurationList section */
		186F72251CA3DEDE003E9485 /* Build configuration list for PBXProject "QQText" */ = {
			isa = XCConfigurationList;
			buildConfigurations = (
				186F723F1CA3DEDE003E9485 /* Debug */,
				186F72401CA3DEDE003E9485 /* Release */,
			);
			defaultConfigurationIsVisible = 0;
			defaultConfigurationName = Release;
		};
		186F72411CA3DEDE003E9485 /* Build configuration list for PBXNativeTarget "QQText" */ = {
			isa = XCConfigurationList;
			buildConfigurations = (
				186F72421CA3DEDE003E9485 /* Debug */,
				186F72431CA3DEDE003E9485 /* Release */,
			);
			defaultConfigurationIsVisible = 0;
			defaultConfigurationName = Release;
		};
/* End XCConfigurationList section */
	};
	rootObject = 186F72221CA3DEDE003E9485 /* Project object */;
}
